
Microsoft Visual Studio Solution File, Format Version 12.00
# Visual Studio Version 17
VisualStudioVersion = 17.12.35506.116
MinimumVisualStudioVersion = 10.0.40219.1
Project("{FAE04EC0-301F-11D3-BF4B-00C04F79EFBC}") = "ToDoApp", "ToDoApp\ToDoApp.csproj", "{2A78B89F-9F28-411B-9C7A-2D5339DC06C1}"
EndProject
Project("{FAE04EC0-301F-11D3-BF4B-00C04F79EFBC}") = "FluentAssertionsDemo", "FluentAssertionsDemo\FluentAssertionsDemo.csproj", "{79DF19E3-AAB6-402B-BBDE-F8C5B8B3F706}"
EndProject
Project("{FAE04EC0-301F-11D3-BF4B-00C04F79EFBC}") = "TodoAppDataLayerTesting", "TodoAppDataLayerTesting\TodoAppDataLayerTesting.csproj", "{D0295EBF-43EF-4F90-867E-A6E951E00689}"
EndProject
Project("{FAE04EC0-301F-11D3-BF4B-00C04F79EFBC}") = "TodoAppUnitTests", "TodoAppUnitTests\TodoAppUnitTests.csproj", "{D4087D69-453A-4606-ACB4-BC453FD8F998}"
EndProject
Global
	GlobalSection(SolutionConfigurationPlatforms) = preSolution
		Debug|Any CPU = Debug|Any CPU
		Release|Any CPU = Release|Any CPU
	EndGlobalSection
	GlobalSection(ProjectConfigurationPlatforms) = postSolution
		{2A78B89F-9F28-411B-9C7A-2D5339DC06C1}.Debug|Any CPU.ActiveCfg = Debug|Any CPU
		{2A78B89F-9F28-411B-9C7A-2D5339DC06C1}.Debug|Any CPU.Build.0 = Debug|Any CPU
		{2A78B89F-9F28-411B-9C7A-2D5339DC06C1}.Release|Any CPU.ActiveCfg = Release|Any CPU
		{2A78B89F-9F28-411B-9C7A-2D5339DC06C1}.Release|Any CPU.Build.0 = Release|Any CPU
		{79DF19E3-AAB6-402B-BBDE-F8C5B8B3F706}.Debug|Any CPU.ActiveCfg = Debug|Any CPU
		{79DF19E3-AAB6-402B-BBDE-F8C5B8B3F706}.Debug|Any CPU.Build.0 = Debug|Any CPU
		{79DF19E3-AAB6-402B-BBDE-F8C5B8B3F706}.Release|Any CPU.ActiveCfg = Release|Any CPU
		{79DF19E3-AAB6-402B-BBDE-F8C5B8B3F706}.Release|Any CPU.Build.0 = Release|Any CPU
		{D0295EBF-43EF-4F90-867E-A6E951E00689}.Debug|Any CPU.ActiveCfg = Debug|Any CPU
		{D0295EBF-43EF-4F90-867E-A6E951E00689}.Debug|Any CPU.Build.0 = Debug|Any CPU
		{D0295EBF-43EF-4F90-867E-A6E951E00689}.Release|Any CPU.ActiveCfg = Release|Any CPU
		{D0295EBF-43EF-4F90-867E-A6E951E00689}.Release|Any CPU.Build.0 = Release|Any CPU
		{D4087D69-453A-4606-ACB4-BC453FD8F998}.Debug|Any CPU.ActiveCfg = Debug|Any CPU
		{D4087D69-453A-4606-ACB4-BC453FD8F998}.Debug|Any CPU.Build.0 = Debug|Any CPU
		{D4087D69-453A-4606-ACB4-BC453FD8F998}.Release|Any CPU.ActiveCfg = Release|Any CPU
		{D4087D69-453A-4606-ACB4-BC453FD8F998}.Release|Any CPU.Build.0 = Release|Any CPU
	EndGlobalSection
	GlobalSection(SolutionProperties) = preSolution
		HideSolutionNode = FALSE
	EndGlobalSection
EndGlobal
